# THIS IS AN AUTOGENERATED FILE. DO NOT EDIT THIS FILE DIRECTLY.
# yarn lockfile v1


"@turbo/darwin-64@2.10.8":
  version "2.10.8"
  resolved "https://registry.yarnpkg.com/@turbo/darwin-64/-/darwin-64-2.10.8.tgz#0ae7cde6b95b82b0a4fe406ffea64bdfcf68a0ee"
  integrity sha512-po+7rfJfUnFXjWlcoN2RwhErgzCdRtBc1T26vYPcywHlggmCQiQe1uWaE4j+BibI2uY9/2pDoFzMN0rmSaPFOw==

"@turbo/darwin-arm64@2.10.8":
  version "2.10.8"
  resolved "https://registry.yarnpkg.com/@turbo/darwin-arm64/-/darwin-arm64-2.10.8.tgz#18a9127c0a0d9c5ad7de49bdb27e7032f8946334"
  integrity sha512-+zB2btDJ00lnPRuqOvpVvgl4x34k/djZQGZTTCfjn7JgNCl8QFY5Njo5+dqkY1g/+9gbbsnAvWm9CmJg9ebcXA==

"@turbo/linux-64@2.10.8":
  version "2.10.8"
  resolved "https://registry.yarnpkg.com/@turbo/linux-64/-/linux-64-2.10.8.tgz#1677672f5760d272c0a0608686fe8b8b29491fdb"
  integrity sha512-K1dxqiVisyN7cViVsfQLs6xscQbYuI8aO2nbUhFURDACgEDfZRdP/b4CCxeosBJpcMfhYyiibWqJorCnvz9kKg==

"@turbo/linux-arm64@2.10.8":
  version "2.10.8"
  resolved "https://registry.yarnpkg.com/@turbo/linux-arm64/-/linux-arm64-2.10.8.tgz#dbdb5aef9e53bb4c88357dafc19f79138ec29253"
  integrity sha512-Gi77ibVnrE1fEmvr+/wBD/yvRqhwp/RQuCp2+//lv1U1wNFFyVg0V7Wj8FG9FXPFAw5QHReo8rxc9+wBSDZjzA==

"@turbo/windows-64@2.10.8":
  version "2.10.8"
  resolved "https://registry.yarnpkg.com/@turbo/windows-64/-/windows-64-2.10.8.tgz#451c3b5421c9ce573c764b1efacae5ad4d1312ee"
  integrity sha512-znnLO1haJPYTHoKMKwlAvlkjRiYbbhBzME6wIGaMd+fwir23U6jVd1ecaTWWi1fbnRVqxMfgDBKseQ/hLKb83g==

"@turbo/windows-arm64@2.10.8":
  version "2.10.8"
  resolved "https://registry.yarnpkg.com/@turbo/windows-arm64/-/windows-arm64-2.10.8.tgz#5661ca9b75713aece06d319493e48a366a4cd05c"
  integrity sha512-VN30vh3b3Czh2WzYHNTfF1FE0YMZ5aHsLO8dBMGHJewA6792wX6iJR8ZxlzFW6WdOu0gEAKIvlYhfyT81Wkm4Q==

"@types/node@^22.19.19":
  version "22.20.1"
  resolved "https://registry.yarnpkg.com/@types/node/-/node-22.20.1.tgz#84e7cdf63cdaa20c134aa317ccc901aa21e16f0e"
  integrity sha512-EANqOCF9QFyra+4pfxUcX9STKJpCLjMbObVzljIJomAWSnuSIEAvyzEU53GaajbXJEgdh0iEcPL+DGvpUd4k1Q==
  dependencies:
    undici-types "~6.21.0"

buffer-crc32@^1.0.0:
  version "1.0.0"
  resolved "https://registry.yarnpkg.com/buffer-crc32/-/buffer-crc32-1.0.0.tgz#a10993b9055081d55304bd9feb4a072de179f405"
  integrity sha512-Db1SbgBS/fg/392AblrMJk97KggmvYhr4pB5ZIMTWtaivCPMWLkmb7m21cJvpvgK+J3nsU2CmmixNBZx4vFj/w==

turbo@^2.9.15:
  version "2.10.8"
  resolved "https://registry.yarnpkg.com/turbo/-/turbo-2.10.8.tgz#09457cb7db79710586da455a29bccc05f15b1b72"
  integrity sha512-9+8YX5QOkGXzZxcIykTHgaooRHGMWO+jfdyRK0o+rN0U7hBIig2MrJ8r/aNzIPDPhdA73SGb0O+tIztaModTMg==
  optionalDependencies:
    "@turbo/darwin-64" "2.10.8"
    "@turbo/darwin-arm64" "2.10.8"
    "@turbo/linux-64" "2.10.8"
    "@turbo/linux-arm64" "2.10.8"
    "@turbo/windows-64" "2.10.8"
    "@turbo/windows-arm64" "2.10.8"

typescript@^5.9.3:
  version "5.9.3"
  resolved "https://registry.yarnpkg.com/typescript/-/typescript-5.9.3.tgz#5b4f59e15310ab17a216f5d6cf53ee476ede670f"
  integrity sha512-jl1vZzPDinLr9eUt3J/t7V6FgNEw9QjvBPdysz9KfQDD41fQrC2Y4vKQdiaUpFT4bXlb1RHhLpp8wtm6M5TgSw==

undici-types@~6.21.0:
  version "6.21.0"
  resolved "https://registry.yarnpkg.com/undici-types/-/undici-types-6.21.0.tgz#691d00af3909be93a7faa13be61b3a5b50ef12cb"
  integrity sha512-iwDZqg0QAGrg9Rav5H4n0M64c3mkR59cJ6wQp+7C4nI0gsmExaedaYLNO44eT4AtBBwjbTiGPMlt2Md0T9H9JQ==

yazl@^3.3.1:
  version "3.3.1"
  resolved "https://registry.yarnpkg.com/yazl/-/yazl-3.3.1.tgz#a69abad02d80739d3b1a7ffcca8434422477432c"
  integrity sha512-BbETDVWG+VcMUle37k5Fqp//7SDOK2/1+T7X8TD96M3D9G8jK5VLUdQVdVjGi8im7FGkazX7kk5hkU8X4L5Bng==
  dependencies:
    buffer-crc32 "^1.0.0"
